
Microsoft Visual Studio Solution File, Format Version 12.00
# Visual Studio Version 17
VisualStudioVersion = 17.0.31919.166
MinimumVisualStudioVersion = 10.0.40219.1
Project("{FAE04EC0-301F-11D3-BF4B-00C04F79EFBC}") = "ForGitL6", "ForGitL6\ForGitL6.csproj", "{5EAD0149-FCA8-4B48-9E75-D79226AC3F54}"
EndProject
Global
	GlobalSection(SolutionConfigurationPlatforms) = preSolution
		Debug|Any CPU = Debug|Any CPU
		Release|Any CPU = Release|Any CPU
	EndGlobalSection
	GlobalSection(ProjectConfigurationPlatforms) = postSolution
		{5EAD0149-FCA8-4B48-9E75-D79226AC3F54}.Debug|Any CPU.ActiveCfg = Debug|Any CPU
		{5EAD0149-FCA8-4B48-9E75-D79226AC3F54}.Debug|Any CPU.Build.0 = Debug|Any CPU
		{5EAD0149-FCA8-4B48-9E75-D79226AC3F54}.Release|Any CPU.ActiveCfg = Release|Any CPU
		{5EAD0149-FCA8-4B48-9E75-D79226AC3F54}.Release|Any CPU.Build.0 = Release|Any CPU
	EndGlobalSection
	GlobalSection(SolutionProperties) = preSolution
		HideSolutionNode = FALSE
	EndGlobalSection
	GlobalSection(ExtensibilityGlobals) = postSolution
		SolutionGuid = {A555B146-8096-435C-822C-44E8F5D28060}
	EndGlobalSection
EndGlobal
